
Microsoft Visual Studio Solution File, Format Version 12.00
# Visual Studio Version 17
VisualStudioVersion = 17.9.34616.47
MinimumVisualStudioVersion = 10.0.40219.1
Project("{2150E333-8FDC-42A3-9474-1A3956D46DE8}") = "Core", "Core", "{C66D0B9E-4162-47A8-887E-D9B771723A3C}"
EndProject
Project("{2150E333-8FDC-42A3-9474-1A3956D46DE8}") = "Tests", "Tests", "{E4787ECC-332A-4C66-A03D-10BC81E80F5D}"
EndProject
Project("{2150E333-8FDC-42A3-9474-1A3956D46DE8}") = "Modules", "Modules", "{FAFAF909-361E-4D69-B40E-FAB50A3FF3A5}"
EndProject
Project("{2150E333-8FDC-42A3-9474-1A3956D46DE8}") = "Server", "Server", "{23FA117C-A1B9-4342-A7EC-BC7B3CF2E36F}"
EndProject
Project("{2150E333-8FDC-42A3-9474-1A3956D46DE8}") = "Modules", "Modules", "{55FD78A2-8DA8-4DD5-9D3F-B613DC3544C4}"
EndProject
Project("{2150E333-8FDC-42A3-9474-1A3956D46DE8}") = "Build", "Build", "{D5058748-0F18-4E60-80BC-9E91668C77DA}"
	ProjectSection(SolutionItems) = preProject
		config.props = config.props
	EndProjectSection
EndProject
Project("{9A19103F-16F7-4668-BE54-9A1E7A4F7556}") = "Server.BlazorKnowledge", "src\Server\Server.BlazorKnowledge\Server.BlazorKnowledge.csproj", "{86B90EE6-4B90-4F3E-BF00-F601D5DDF7DD}"
EndProject
Project("{2150E333-8FDC-42A3-9474-1A3956D46DE8}") = "Job", "Job", "{10194D24-D751-49DF-9FBF-FE9252C89362}"
EndProject
Project("{2150E333-8FDC-42A3-9474-1A3956D46DE8}") = "Job", "Job", "{61328958-37BD-49C0-AD4F-017C771714D8}"
EndProject
Project("{9A19103F-16F7-4668-BE54-9A1E7A4F7556}") = "Server.Test", "src\Server\Server.Test\Server.Test.csproj", "{18F38734-2966-4846-8019-5F5E5EC5B15A}"
EndProject
Project("{9A19103F-16F7-4668-BE54-9A1E7A4F7556}") = "Core.Test", "src\Core\Core.Test\Core.Test.csproj", "{62C159BF-F3B3-467E-BC7F-B7558152FDC2}"
EndProject
Project("{9A19103F-16F7-4668-BE54-9A1E7A4F7556}") = "Core.Modules.Job", "src\Core\Core.Modules.Job\Core.Modules.Job.csproj", "{BAE38278-2BEB-4B14-9C5A-F8C107E74ADB}"
EndProject
Project("{9A19103F-16F7-4668-BE54-9A1E7A4F7556}") = "Server.Modules.Job", "src\Server\Server.Modules.Job\Server.Modules.Job.csproj", "{AC047E35-904B-4C8A-B821-92B56E6919E3}"
EndProject
Project("{9A19103F-16F7-4668-BE54-9A1E7A4F7556}") = "Core.Shared", "src\Core\Core.Shared\Core.Shared.csproj", "{5336938C-BE23-4986-B8A1-51CDD4C3C367}"
EndProject
Project("{9A19103F-16F7-4668-BE54-9A1E7A4F7556}") = "Server.Shared", "src\Server\Server.Shared\Server.Shared.csproj", "{1DEAF8C5-FA31-4373-A12F-420ECDD2EBCA}"
EndProject
Project("{9A19103F-16F7-4668-BE54-9A1E7A4F7556}") = "Server.Shared.DataModelSource", "src\Server\Server.Shared.DataModelSource\Server.Shared.DataModelSource.csproj", "{29D70D99-7EB9-4518-92D3-A35BCF3E7620}"
EndProject
Project("{FAE04EC0-301F-11D3-BF4B-00C04F79EFBC}") = "Core.Modules.Job.Infrastructure", "src\Core\Core.Modules.Job.Infrastructure\Core.Modules.Job.Infrastructure.csproj", "{BB3DD345-9C47-4E60-9CFB-C59C6C8CBF59}"
EndProject
Project("{FAE04EC0-301F-11D3-BF4B-00C04F79EFBC}") = "Core.Modules.Job.Model", "src\Core\Core.Modules.Job.Model\Core.Modules.Job.Model.csproj", "{4DA027FE-0998-4ED0-92D4-541A40CE9508}"
EndProject
Global
	GlobalSection(SolutionConfigurationPlatforms) = preSolution
		Debug|Any CPU = Debug|Any CPU
		Release|Any CPU = Release|Any CPU
	EndGlobalSection
	GlobalSection(ProjectConfigurationPlatforms) = postSolution
		{86B90EE6-4B90-4F3E-BF00-F601D5DDF7DD}.Debug|Any CPU.ActiveCfg = Debug|Any CPU
		{86B90EE6-4B90-4F3E-BF00-F601D5DDF7DD}.Debug|Any CPU.Build.0 = Debug|Any CPU
		{86B90EE6-4B90-4F3E-BF00-F601D5DDF7DD}.Release|Any CPU.ActiveCfg = Release|Any CPU
		{86B90EE6-4B90-4F3E-BF00-F601D5DDF7DD}.Release|Any CPU.Build.0 = Release|Any CPU
		{18F38734-2966-4846-8019-5F5E5EC5B15A}.Debug|Any CPU.ActiveCfg = Debug|Any CPU
		{18F38734-2966-4846-8019-5F5E5EC5B15A}.Debug|Any CPU.Build.0 = Debug|Any CPU
		{18F38734-2966-4846-8019-5F5E5EC5B15A}.Release|Any CPU.ActiveCfg = Release|Any CPU
		{18F38734-2966-4846-8019-5F5E5EC5B15A}.Release|Any CPU.Build.0 = Release|Any CPU
		{62C159BF-F3B3-467E-BC7F-B7558152FDC2}.Debug|Any CPU.ActiveCfg = Debug|Any CPU
		{62C159BF-F3B3-467E-BC7F-B7558152FDC2}.Debug|Any CPU.Build.0 = Debug|Any CPU
		{62C159BF-F3B3-467E-BC7F-B7558152FDC2}.Release|Any CPU.ActiveCfg = Release|Any CPU
		{62C159BF-F3B3-467E-BC7F-B7558152FDC2}.Release|Any CPU.Build.0 = Release|Any CPU
		{BAE38278-2BEB-4B14-9C5A-F8C107E74ADB}.Debug|Any CPU.ActiveCfg = Debug|Any CPU
		{BAE38278-2BEB-4B14-9C5A-F8C107E74ADB}.Debug|Any CPU.Build.0 = Debug|Any CPU
		{BAE38278-2BEB-4B14-9C5A-F8C107E74ADB}.Release|Any CPU.ActiveCfg = Release|Any CPU
		{BAE38278-2BEB-4B14-9C5A-F8C107E74ADB}.Release|Any CPU.Build.0 = Release|Any CPU
		{AC047E35-904B-4C8A-B821-92B56E6919E3}.Debug|Any CPU.ActiveCfg = Debug|Any CPU
		{AC047E35-904B-4C8A-B821-92B56E6919E3}.Debug|Any CPU.Build.0 = Debug|Any CPU
		{AC047E35-904B-4C8A-B821-92B56E6919E3}.Release|Any CPU.ActiveCfg = Release|Any CPU
		{AC047E35-904B-4C8A-B821-92B56E6919E3}.Release|Any CPU.Build.0 = Release|Any CPU
		{5336938C-BE23-4986-B8A1-51CDD4C3C367}.Debug|Any CPU.ActiveCfg = Debug|Any CPU
		{5336938C-BE23-4986-B8A1-51CDD4C3C367}.Debug|Any CPU.Build.0 = Debug|Any CPU
		{5336938C-BE23-4986-B8A1-51CDD4C3C367}.Release|Any CPU.ActiveCfg = Release|Any CPU
		{5336938C-BE23-4986-B8A1-51CDD4C3C367}.Release|Any CPU.Build.0 = Release|Any CPU
		{1DEAF8C5-FA31-4373-A12F-420ECDD2EBCA}.Debug|Any CPU.ActiveCfg = Debug|Any CPU
		{1DEAF8C5-FA31-4373-A12F-420ECDD2EBCA}.Debug|Any CPU.Build.0 = Debug|Any CPU
		{1DEAF8C5-FA31-4373-A12F-420ECDD2EBCA}.Release|Any CPU.ActiveCfg = Release|Any CPU
		{1DEAF8C5-FA31-4373-A12F-420ECDD2EBCA}.Release|Any CPU.Build.0 = Release|Any CPU
		{29D70D99-7EB9-4518-92D3-A35BCF3E7620}.Debug|Any CPU.ActiveCfg = Debug|Any CPU
		{29D70D99-7EB9-4518-92D3-A35BCF3E7620}.Debug|Any CPU.Build.0 = Debug|Any CPU
		{29D70D99-7EB9-4518-92D3-A35BCF3E7620}.Release|Any CPU.ActiveCfg = Release|Any CPU
		{29D70D99-7EB9-4518-92D3-A35BCF3E7620}.Release|Any CPU.Build.0 = Release|Any CPU
		{BB3DD345-9C47-4E60-9CFB-C59C6C8CBF59}.Debug|Any CPU.ActiveCfg = Debug|Any CPU
		{BB3DD345-9C47-4E60-9CFB-C59C6C8CBF59}.Debug|Any CPU.Build.0 = Debug|Any CPU
		{BB3DD345-9C47-4E60-9CFB-C59C6C8CBF59}.Release|Any CPU.ActiveCfg = Release|Any CPU
		{BB3DD345-9C47-4E60-9CFB-C59C6C8CBF59}.Release|Any CPU.Build.0 = Release|Any CPU
		{4DA027FE-0998-4ED0-92D4-541A40CE9508}.Debug|Any CPU.ActiveCfg = Debug|Any CPU
		{4DA027FE-0998-4ED0-92D4-541A40CE9508}.Debug|Any CPU.Build.0 = Debug|Any CPU
		{4DA027FE-0998-4ED0-92D4-541A40CE9508}.Release|Any CPU.ActiveCfg = Release|Any CPU
		{4DA027FE-0998-4ED0-92D4-541A40CE9508}.Release|Any CPU.Build.0 = Release|Any CPU
	EndGlobalSection
	GlobalSection(SolutionProperties) = preSolution
		HideSolutionNode = FALSE
	EndGlobalSection
	GlobalSection(NestedProjects) = preSolution
		{FAFAF909-361E-4D69-B40E-FAB50A3FF3A5} = {C66D0B9E-4162-47A8-887E-D9B771723A3C}
		{55FD78A2-8DA8-4DD5-9D3F-B613DC3544C4} = {23FA117C-A1B9-4342-A7EC-BC7B3CF2E36F}
		{10194D24-D751-49DF-9FBF-FE9252C89362} = {55FD78A2-8DA8-4DD5-9D3F-B613DC3544C4}
		{61328958-37BD-49C0-AD4F-017C771714D8} = {FAFAF909-361E-4D69-B40E-FAB50A3FF3A5}
		{18F38734-2966-4846-8019-5F5E5EC5B15A} = {23FA117C-A1B9-4342-A7EC-BC7B3CF2E36F}
		{62C159BF-F3B3-467E-BC7F-B7558152FDC2} = {C66D0B9E-4162-47A8-887E-D9B771723A3C}
		{BAE38278-2BEB-4B14-9C5A-F8C107E74ADB} = {61328958-37BD-49C0-AD4F-017C771714D8}
		{AC047E35-904B-4C8A-B821-92B56E6919E3} = {10194D24-D751-49DF-9FBF-FE9252C89362}
		{5336938C-BE23-4986-B8A1-51CDD4C3C367} = {C66D0B9E-4162-47A8-887E-D9B771723A3C}
		{1DEAF8C5-FA31-4373-A12F-420ECDD2EBCA} = {23FA117C-A1B9-4342-A7EC-BC7B3CF2E36F}
		{29D70D99-7EB9-4518-92D3-A35BCF3E7620} = {23FA117C-A1B9-4342-A7EC-BC7B3CF2E36F}
		{BB3DD345-9C47-4E60-9CFB-C59C6C8CBF59} = {61328958-37BD-49C0-AD4F-017C771714D8}
		{4DA027FE-0998-4ED0-92D4-541A40CE9508} = {61328958-37BD-49C0-AD4F-017C771714D8}
	EndGlobalSection
	GlobalSection(ExtensibilityGlobals) = postSolution
		SolutionGuid = {DCC67591-0109-4968-8B65-B3C504BD21CB}
	EndGlobalSection
EndGlobal
